
Microsoft Visual Studio Solution File, Format Version 12.00
# Visual Studio Version 16
VisualStudioVersion = 16.0.31424.327
MinimumVisualStudioVersion = 10.0.40219.1
Project("{9A19103F-16F7-4668-BE54-9A1E7A4F7556}") = "ConsoleApp", "ConsoleApp\ConsoleApp.csproj", "{8008C3AF-F910-484F-A122-EE21FDA6D1D3}"
EndProject
Project("{9A19103F-16F7-4668-BE54-9A1E7A4F7556}") = "WebApiApplication", "WebApiApplication\WebApiApplication.csproj", "{AB3E7271-ECA8-43B6-B112-F63028108218}"
EndProject
Project("{FAE04EC0-301F-11D3-BF4B-00C04F79EFBC}") = "CalculatorAddService", "CalculatorService\CalculatorAddService.csproj", "{A579382F-AC5F-43BA-B664-382BF557378A}"
EndProject
Project("{FAE04EC0-301F-11D3-BF4B-00C04F79EFBC}") = "ServiceTemplateMethod", "ServiceTemplateMethodImpl\ServiceTemplateMethod.csproj", "{8C1DB8D0-6B3E-4706-8CD6-7997B172E3BE}"
EndProject
Global
	GlobalSection(SolutionConfigurationPlatforms) = preSolution
		Debug|Any CPU = Debug|Any CPU
		Release|Any CPU = Release|Any CPU
	EndGlobalSection
	GlobalSection(ProjectConfigurationPlatforms) = postSolution
		{8008C3AF-F910-484F-A122-EE21FDA6D1D3}.Debug|Any CPU.ActiveCfg = Debug|Any CPU
		{8008C3AF-F910-484F-A122-EE21FDA6D1D3}.Debug|Any CPU.Build.0 = Debug|Any CPU
		{8008C3AF-F910-484F-A122-EE21FDA6D1D3}.Release|Any CPU.ActiveCfg = Release|Any CPU
		{8008C3AF-F910-484F-A122-EE21FDA6D1D3}.Release|Any CPU.Build.0 = Release|Any CPU
		{AB3E7271-ECA8-43B6-B112-F63028108218}.Debug|Any CPU.ActiveCfg = Debug|Any CPU
		{AB3E7271-ECA8-43B6-B112-F63028108218}.Debug|Any CPU.Build.0 = Debug|Any CPU
		{AB3E7271-ECA8-43B6-B112-F63028108218}.Release|Any CPU.ActiveCfg = Release|Any CPU
		{AB3E7271-ECA8-43B6-B112-F63028108218}.Release|Any CPU.Build.0 = Release|Any CPU
		{A579382F-AC5F-43BA-B664-382BF557378A}.Debug|Any CPU.ActiveCfg = Debug|Any CPU
		{A579382F-AC5F-43BA-B664-382BF557378A}.Debug|Any CPU.Build.0 = Debug|Any CPU
		{A579382F-AC5F-43BA-B664-382BF557378A}.Release|Any CPU.ActiveCfg = Release|Any CPU
		{A579382F-AC5F-43BA-B664-382BF557378A}.Release|Any CPU.Build.0 = Release|Any CPU
		{8C1DB8D0-6B3E-4706-8CD6-7997B172E3BE}.Debug|Any CPU.ActiveCfg = Debug|Any CPU
		{8C1DB8D0-6B3E-4706-8CD6-7997B172E3BE}.Debug|Any CPU.Build.0 = Debug|Any CPU
		{8C1DB8D0-6B3E-4706-8CD6-7997B172E3BE}.Release|Any CPU.ActiveCfg = Release|Any CPU
		{8C1DB8D0-6B3E-4706-8CD6-7997B172E3BE}.Release|Any CPU.Build.0 = Release|Any CPU
	EndGlobalSection
	GlobalSection(SolutionProperties) = preSolution
		HideSolutionNode = FALSE
	EndGlobalSection
	GlobalSection(ExtensibilityGlobals) = postSolution
		SolutionGuid = {ECC360EA-1282-48C2-A908-BC27E13F6E13}
	EndGlobalSection
EndGlobal
